
Microsoft Visual Studio Solution File, Format Version 12.00
# Visual Studio Version 16
VisualStudioVersion = 16.0.29209.62
MinimumVisualStudioVersion = 10.0.40219.1
Project("{FAE04EC0-301F-11D3-BF4B-00C04F79EFBC}") = "TransFlash.Winforms.Fonctions", "TransFlash.Winforms.Fonctions\TransFlash.Winforms.Fonctions.csproj", "{2B328ACA-A88E-44E3-92B1-E8545D7D7C2A}"
EndProject
Project("{FAE04EC0-301F-11D3-BF4B-00C04F79EFBC}") = "TransFlash.BO", "TransFlash.BO\TransFlash.BO.csproj", "{1EDB01B1-399E-4671-82BF-F125456B744C}"
EndProject
Project("{FAE04EC0-301F-11D3-BF4B-00C04F79EFBC}") = "TransFlash.Winforms", "TransFlash.Winforms\TransFlash.Winforms.csproj", "{445250AF-9A79-49CE-86E8-E431D54EE6B5}"
EndProject
Project("{FAE04EC0-301F-11D3-BF4B-00C04F79EFBC}") = "TransFlash.BLL", "TransFlash.BLL\TransFlash.BLL.csproj", "{F308CB2F-9AB3-4CE2-B5A5-A8F2A125612A}"
EndProject
Project("{FAE04EC0-301F-11D3-BF4B-00C04F79EFBC}") = "TransFlash.DAL", "TransFlash.DAL\TransFlash.DAL.csproj", "{CA49AA47-EA5C-4578-A3F3-7CD9FEB436D2}"
EndProject
Global
	GlobalSection(SolutionConfigurationPlatforms) = preSolution
		Debug|Any CPU = Debug|Any CPU
		Release|Any CPU = Release|Any CPU
	EndGlobalSection
	GlobalSection(ProjectConfigurationPlatforms) = postSolution
		{2B328ACA-A88E-44E3-92B1-E8545D7D7C2A}.Debug|Any CPU.ActiveCfg = Debug|Any CPU
		{2B328ACA-A88E-44E3-92B1-E8545D7D7C2A}.Debug|Any CPU.Build.0 = Debug|Any CPU
		{2B328ACA-A88E-44E3-92B1-E8545D7D7C2A}.Release|Any CPU.ActiveCfg = Release|Any CPU
		{2B328ACA-A88E-44E3-92B1-E8545D7D7C2A}.Release|Any CPU.Build.0 = Release|Any CPU
		{1EDB01B1-399E-4671-82BF-F125456B744C}.Debug|Any CPU.ActiveCfg = Debug|Any CPU
		{1EDB01B1-399E-4671-82BF-F125456B744C}.Debug|Any CPU.Build.0 = Debug|Any CPU
		{1EDB01B1-399E-4671-82BF-F125456B744C}.Release|Any CPU.ActiveCfg = Release|Any CPU
		{1EDB01B1-399E-4671-82BF-F125456B744C}.Release|Any CPU.Build.0 = Release|Any CPU
		{445250AF-9A79-49CE-86E8-E431D54EE6B5}.Debug|Any CPU.ActiveCfg = Debug|Any CPU
		{445250AF-9A79-49CE-86E8-E431D54EE6B5}.Debug|Any CPU.Build.0 = Debug|Any CPU
		{445250AF-9A79-49CE-86E8-E431D54EE6B5}.Release|Any CPU.ActiveCfg = Release|Any CPU
		{445250AF-9A79-49CE-86E8-E431D54EE6B5}.Release|Any CPU.Build.0 = Release|Any CPU
		{F308CB2F-9AB3-4CE2-B5A5-A8F2A125612A}.Debug|Any CPU.ActiveCfg = Debug|Any CPU
		{F308CB2F-9AB3-4CE2-B5A5-A8F2A125612A}.Debug|Any CPU.Build.0 = Debug|Any CPU
		{F308CB2F-9AB3-4CE2-B5A5-A8F2A125612A}.Release|Any CPU.ActiveCfg = Release|Any CPU
		{F308CB2F-9AB3-4CE2-B5A5-A8F2A125612A}.Release|Any CPU.Build.0 = Release|Any CPU
		{CA49AA47-EA5C-4578-A3F3-7CD9FEB436D2}.Debug|Any CPU.ActiveCfg = Debug|Any CPU
		{CA49AA47-EA5C-4578-A3F3-7CD9FEB436D2}.Debug|Any CPU.Build.0 = Debug|Any CPU
		{CA49AA47-EA5C-4578-A3F3-7CD9FEB436D2}.Release|Any CPU.ActiveCfg = Release|Any CPU
		{CA49AA47-EA5C-4578-A3F3-7CD9FEB436D2}.Release|Any CPU.Build.0 = Release|Any CPU
	EndGlobalSection
	GlobalSection(SolutionProperties) = preSolution
		HideSolutionNode = FALSE
	EndGlobalSection
	GlobalSection(ExtensibilityGlobals) = postSolution
		SolutionGuid = {E94FCB8D-771B-417F-A9FC-AF528DCA6863}
	EndGlobalSection
EndGlobal
